// !$*UTF8*$!
{
	archiveVersion = 1;
	classes = {
	};
	objectVersion = 50;
	objects = {

/* Begin PBXBuildFile section */
		B739D93B265A20340037A0D2 /* ContentViewController.swift in Sources */ = {isa = PBXBuildFile; fileRef = B739D93A265A20340037A0D2 /* ContentViewController.swift */; };
		B763078C265913DA003D2E2F /* noconaApp.swift in Sources */ = {isa = PBXBuildFile; fileRef = B763078B265913DA003D2E2F /* noconaApp.swift */; };
		B763078E265913DA003D2E2F /* ContentView.swift in Sources */ = {isa = PBXBuildFile; fileRef = B763078D265913DA003D2E2F /* ContentView.swift */; };
		B7630790265913DA003D2E2F /* Assets.xcassets in Resources */ = {isa = PBXBuildFile; fileRef = B763078F265913DA003D2E2F /* Assets.xcassets */; };
		B7630793265913DA003D2E2F /* Preview Assets.xcassets in Resources */ = {isa = PBXBuildFile; fileRef = B7630792265913DA003D2E2F /* Preview Assets.xcassets */; };
		B763079B26594A41003D2E2F /* hospitalView.swift in Sources */ = {isa = PBXBuildFile; fileRef = B763079A26594A41003D2E2F /* hospitalView.swift */; };
		B763079D26594A76003D2E2F /* hospitalViewController.swift in Sources */ = {isa = PBXBuildFile; fileRef = B763079C26594A76003D2E2F /* hospitalViewController.swift */; };
		B763079F26594C55003D2E2F /* hospitalModel.swift in Sources */ = {isa = PBXBuildFile; fileRef = B763079E26594C55003D2E2F /* hospitalModel.swift */; };
/* End PBXBuildFile section */

/* Begin PBXFileReference section */
		B739D93A265A20340037A0D2 /* ContentViewController.swift */ = {isa = PBXFileReference; lastKnownFileType = sourcecode.swift; path = ContentViewController.swift; sourceTree = "<group>"; };
		B7630788265913DA003D2E2F /* nocona.app */ = {isa = PBXFileReference; explicitFileType = wrapper.application; includeInIndex = 0; path = nocona.app; sourceTree = BUILT_PRODUCTS_DIR; };
		B763078B265913DA003D2E2F /* noconaApp.swift */ = {isa = PBXFileReference; lastKnownFileType = sourcecode.swift; path = noconaApp.swift; sourceTree = "<group>"; };
		B763078D265913DA003D2E2F /* ContentView.swift */ = {isa = PBXFileReference; lastKnownFileType = sourcecode.swift; path = ContentView.swift; sourceTree = "<group>"; };
		B763078F265913DA003D2E2F /* Assets.xcassets */ = {isa = PBXFileReference; lastKnownFileType = folder.assetcatalog; path = Assets.xcassets; sourceTree = "<group>"; };
		B7630792265913DA003D2E2F /* Preview Assets.xcassets */ = {isa = PBXFileReference; lastKnownFileType = folder.assetcatalog; path = "Preview Assets.xcassets"; sourceTree = "<group>"; };
		B7630794265913DA003D2E2F /* Info.plist */ = {isa = PBXFileReference; lastKnownFileType = text.plist.xml; path = Info.plist; sourceTree = "<group>"; };
		B763079A26594A41003D2E2F /* hospitalView.swift */ = {isa = PBXFileReference; lastKnownFileType = sourcecode.swift; path = hospitalView.swift; sourceTree = "<group>"; };
		B763079C26594A76003D2E2F /* hospitalViewController.swift */ = {isa = PBXFileReference; lastKnownFileType = sourcecode.swift; path = hospitalViewController.swift; sourceTree = "<group>"; };
		B763079E26594C55003D2E2F /* hospitalModel.swift */ = {isa = PBXFileReference; lastKnownFileType = sourcecode.swift; path = hospitalModel.swift; sourceTree = "<group>"; };
/* End PBXFileReference section */

/* Begin PBXFrameworksBuildPhase section */
		B7630785265913DA003D2E2F /* Frameworks */ = {
			isa = PBXFrameworksBuildPhase;
			buildActionMask = 2147483647;
			files = (
			);
			runOnlyForDeploymentPostprocessing = 0;
		};
/* End PBXFrameworksBuildPhase section */

/* Begin PBXGroup section */
		B70EB76B265B502400FD43BB /* API_fetch */ = {
			isa = PBXGroup;
			children = (
				B763079C26594A76003D2E2F /* hospitalViewController.swift */,
				B739D93A265A20340037A0D2 /* ContentViewController.swift */,
			);
			path = API_fetch;
			sourceTree = "<group>";
		};
		B763077F265913DA003D2E2F = {
			isa = PBXGroup;
			children = (
				B763078A265913DA003D2E2F /* nocona */,
				B7630789265913DA003D2E2F /* Products */,
			);
			sourceTree = "<group>";
		};
		B7630789265913DA003D2E2F /* Products */ = {
			isa = PBXGroup;
			children = (
				B7630788265913DA003D2E2F /* nocona.app */,
			);
			name = Products;
			sourceTree = "<group>";
		};
		B763078A265913DA003D2E2F /* nocona */ = {
			isa = PBXGroup;
			children = (
				B70EB76B265B502400FD43BB /* API_fetch */,
				B763078B265913DA003D2E2F /* noconaApp.swift */,
				B763078D265913DA003D2E2F /* ContentView.swift */,
				B763078F265913DA003D2E2F /* Assets.xcassets */,
				B7630794265913DA003D2E2F /* Info.plist */,
				B7630791265913DA003D2E2F /* Preview Content */,
				B763079A26594A41003D2E2F /* hospitalView.swift */,
				B763079E26594C55003D2E2F /* hospitalModel.swift */,
			);
			path = nocona;
			sourceTree = "<group>";
		};
		B7630791265913DA003D2E2F /* Preview Content */ = {
			isa = PBXGroup;
			children = (
				B7630792265913DA003D2E2F /* Preview Assets.xcassets */,
			);
			path = "Preview Content";
			sourceTree = "<group>";
		};
/* End PBXGroup section */

/* Begin PBXNativeTarget section */
		B7630787265913DA003D2E2F /* nocona */ = {
			isa = PBXNativeTarget;
			buildConfigurationList = B7630797265913DA003D2E2F /* Build configuration list for PBXNativeTarget "nocona" */;
			buildPhases = (
				B7630784265913DA003D2E2F /* Sources */,
				B7630785265913DA003D2E2F /* Frameworks */,
				B7630786265913DA003D2E2F /* Resources */,
			);
			buildRules = (
			);
			dependencies = (
			);
			name = nocona;
			productName = nocona;
			productReference = B7630788265913DA003D2E2F /* nocona.app */;
			productType = "com.apple.product-type.application";
		};
/* End PBXNativeTarget section */

/* Begin PBXProject section */
		B7630780265913DA003D2E2F /* Project object */ = {
			isa = PBXProject;
			attributes = {
				LastSwiftUpdateCheck = 1250;
				LastUpgradeCheck = 1250;
				TargetAttributes = {
					B7630787265913DA003D2E2F = {
						CreatedOnToolsVersion = 12.5;
					};
				};
			};
			buildConfigurationList = B7630783265913DA003D2E2F /* Build configuration list for PBXProject "nocona" */;
			compatibilityVersion = "Xcode 9.3";
			developmentRegion = en;
			hasScannedForEncodings = 0;
			knownRegions = (
				en,
				Base,
			);
			mainGroup = B763077F265913DA003D2E2F;
			productRefGroup = B7630789265913DA003D2E2F /* Products */;
			projectDirPath = "";
			projectRoot = "";
			targets = (
				B7630787265913DA003D2E2F /* nocona */,
			);
		};
/* End PBXProject section */

/* Begin PBXResourcesBuildPhase section */
		B7630786265913DA003D2E2F /* Resources */ = {
			isa = PBXResourcesBuildPhase;
			buildActionMask = 2147483647;
			files = (
				B7630793265913DA003D2E2F /* Preview Assets.xcassets in Resources */,
				B7630790265913DA003D2E2F /* Assets.xcassets in Resources */,
			);
			runOnlyForDeploymentPostprocessing = 0;
		};
/* End PBXResourcesBuildPhase section */

/* Begin PBXSourcesBuildPhase section */
		B7630784265913DA003D2E2F /* Sources */ = {
			isa = PBXSourcesBuildPhase;
			buildActionMask = 2147483647;
			files = (
				B763079B26594A41003D2E2F /* hospitalView.swift in Sources */,
				B763078E265913DA003D2E2F /* ContentView.swift in Sources */,
				B763079F26594C55003D2E2F /* hospitalModel.swift in Sources */,
				B763079D26594A76003D2E2F /* hospitalViewController.swift in Sources */,
				B739D93B265A20340037A0D2 /* ContentViewController.swift in Sources */,
				B763078C265913DA003D2E2F /* noconaApp.swift in Sources */,
			);
			runOnlyForDeploymentPostprocessing = 0;
		};
/* End PBXSourcesBuildPhase section */

/* Begin XCBuildConfiguration section */
		B7630795265913DA003D2E2F /* Debug */ = {
			isa = XCBuildConfiguration;
			buildSettings = {
				ALWAYS_SEARCH_USER_PATHS = NO;
				ASSETCATALOG_COMPILER_LAUNCHIMAGE_NAME = "";
				CLANG_ANALYZER_NONNULL = YES;
				CLANG_ANALYZER_NUMBER_OBJECT_CONVERSION = YES_AGGRESSIVE;
				CLANG_CXX_LANGUAGE_STANDARD = "gnu++14";
				CLANG_CXX_LIBRARY = "libc++";
				CLANG_ENABLE_MODULES = YES;
				CLANG_ENABLE_OBJC_ARC = YES;
				CLANG_ENABLE_OBJC_WEAK = YES;
				CLANG_WARN_BLOCK_CAPTURE_AUTORELEASING = YES;
				CLANG_WARN_BOOL_CONVERSION = YES;
				CLANG_WARN_COMMA = YES;
				CLANG_WARN_CONSTANT_CONVERSION = YES;
				CLANG_WARN_DEPRECATED_OBJC_IMPLEMENTATIONS = YES;
				CLANG_WARN_DIRECT_OBJC_ISA_USAGE = YES_ERROR;
				CLANG_WARN_DOCUMENTATION_COMMENTS = YES;
				CLANG_WARN_EMPTY_BODY = YES;
				CLANG_WARN_ENUM_CONVERSION = YES;
				CLANG_WARN_INFINITE_RECURSION = YES;
				CLANG_WARN_INT_CONVERSION = YES;
				CLANG_WARN_NON_LITERAL_NULL_CONVERSION = YES;
				CLANG_WARN_OBJC_IMPLICIT_RETAIN_SELF = YES;
				CLANG_WARN_OBJC_LITERAL_CONVERSION = YES;
				CLANG_WARN_OBJC_ROOT_CLASS = YES_ERROR;
				CLANG_WARN_QUOTED_INCLUDE_IN_FRAMEWORK_HEADER = YES;
				CLANG_WARN_RANGE_LOOP_ANALYSIS = YES;
				CLANG_WARN_STRICT_PROTOTYPES = YES;
				CLANG_WARN_SUSPICIOUS_MOVE = YES;
				CLANG_WARN_UNGUARDED_AVAILABILITY = YES_AGGRESSIVE;
				CLANG_WARN_UNREACHABLE_CODE = YES;
				CLANG_WARN__DUPLICATE_METHOD_MATCH = YES;
				COPY_PHASE_STRIP = NO;
				DEBUG_INFORMATION_FORMAT = dwarf;
				ENABLE_STRICT_OBJC_MSGSEND = YES;
				ENABLE_TESTABILITY = YES;
				GCC_C_LANGUAGE_STANDARD = gnu11;
				GCC_DYNAMIC_NO_PIC = NO;
				GCC_NO_COMMON_BLOCKS = YES;
				GCC_OPTIMIZATION_LEVEL = 0;
				GCC_PREPROCESSOR_DEFINITIONS = (
					"DEBUG=1",
					"$(inherited)",
				);
				GCC_WARN_64_TO_32_BIT_CONVERSION = YES;
				GCC_WARN_ABOUT_RETURN_TYPE = YES_ERROR;
				GCC_WARN_UNDECLARED_SELECTOR = YES;
				GCC_WARN_UNINITIALIZED_AUTOS = YES_AGGRESSIVE;
				GCC_WARN_UNUSED_FUNCTION = YES;
				GCC_WARN_UNUSED_VARIABLE = YES;
				IPHONEOS_DEPLOYMENT_TARGET = 14.5;
				MTL_ENABLE_DEBUG_INFO = INCLUDE_SOURCE;
				MTL_FAST_MATH = YES;
				ONLY_ACTIVE_ARCH = YES;
				SDKROOT = iphoneos;
				SWIFT_ACTIVE_COMPILATION_CONDITIONS = DEBUG;
				SWIFT_OPTIMIZATION_LEVEL = "-Onone";
			};
			name = Debug;
		};
		B7630796265913DA003D2E2F /* Release */ = {
			isa = XCBuildConfiguration;
			buildSettings = {
				ALWAYS_SEARCH_USER_PATHS = NO;
				ASSETCATALOG_COMPILER_LAUNCHIMAGE_NAME = "";
				CLANG_ANALYZER_NONNULL = YES;
				CLANG_ANALYZER_NUMBER_OBJECT_CONVERSION = YES_AGGRESSIVE;
				CLANG_CXX_LANGUAGE_STANDARD = "gnu++14";
				CLANG_CXX_LIBRARY = "libc++";
				CLANG_ENABLE_MODULES = YES;
				CLANG_ENABLE_OBJC_ARC = YES;
				CLANG_ENABLE_OBJC_WEAK = YES;
				CLANG_WARN_BLOCK_CAPTURE_AUTORELEASING = YES;
				CLANG_WARN_BOOL_CONVERSION = YES;
				CLANG_WARN_COMMA = YES;
				CLANG_WARN_CONSTANT_CONVERSION = YES;
				CLANG_WARN_DEPRECATED_OBJC_IMPLEMENTATIONS = YES;
				CLANG_WARN_DIRECT_OBJC_ISA_USAGE = YES_ERROR;
				CLANG_WARN_DOCUMENTATION_COMMENTS = YES;
				CLANG_WARN_EMPTY_BODY = YES;
				CLANG_WARN_ENUM_CONVERSION = YES;
				CLANG_WARN_INFINITE_RECURSION = YES;
				CLANG_WARN_INT_CONVERSION = YES;
				CLANG_WARN_NON_LITERAL_NULL_CONVERSION = YES;
				CLANG_WARN_OBJC_IMPLICIT_RETAIN_SELF = YES;
				CLANG_WARN_OBJC_LITERAL_CONVERSION = YES;
				CLANG_WARN_OBJC_ROOT_CLASS = YES_ERROR;
				CLANG_WARN_QUOTED_INCLUDE_IN_FRAMEWORK_HEADER = YES;
				CLANG_WARN_RANGE_LOOP_ANALYSIS = YES;
				CLANG_WARN_STRICT_PROTOTYPES = YES;
				CLANG_WARN_SUSPICIOUS_MOVE = YES;
				CLANG_WARN_UNGUARDED_AVAILABILITY = YES_AGGRESSIVE;
				CLANG_WARN_UNREACHABLE_CODE = YES;
				CLANG_WARN__DUPLICATE_METHOD_MATCH = YES;
				COPY_PHASE_STRIP = NO;
				DEBUG_INFORMATION_FORMAT = "dwarf-with-dsym";
				ENABLE_NS_ASSERTIONS = NO;
				ENABLE_STRICT_OBJC_MSGSEND = YES;
				GCC_C_LANGUAGE_STANDARD = gnu11;
				GCC_NO_COMMON_BLOCKS = YES;
				GCC_WARN_64_TO_32_BIT_CONVERSION = YES;
				GCC_WARN_ABOUT_RETURN_TYPE = YES_ERROR;
				GCC_WARN_UNDECLARED_SELECTOR = YES;
				GCC_WARN_UNINITIALIZED_AUTOS = YES_AGGRESSIVE;
				GCC_WARN_UNUSED_FUNCTION = YES;
				GCC_WARN_UNUSED_VARIABLE = YES;
				IPHONEOS_DEPLOYMENT_TARGET = 14.5;
				MTL_ENABLE_DEBUG_INFO = NO;
				MTL_FAST_MATH = YES;
				SDKROOT = iphoneos;
				SWIFT_COMPILATION_MODE = wholemodule;
				SWIFT_OPTIMIZATION_LEVEL = "-O";
				VALIDATE_PRODUCT = YES;
			};
			name = Release;
		};
		B7630798265913DA003D2E2F /* Debug */ = {
			isa = XCBuildConfiguration;
			buildSettings = {
				ASSETCATALOG_COMPILER_APPICON_NAME = AppIcon;
				ASSETCATALOG_COMPILER_GLOBAL_ACCENT_COLOR_NAME = AccentColor;
				CODE_SIGN_STYLE = Automatic;
				DEVELOPMENT_ASSET_PATHS = "\"nocona/Preview Content\"";
				DEVELOPMENT_TEAM = X843D4L2C2;
				ENABLE_PREVIEWS = YES;
				INFOPLIST_FILE = nocona/Info.plist;
				IPHONEOS_DEPLOYMENT_TARGET = 14.0;
				LD_RUNPATH_SEARCH_PATHS = (
					"$(inherited)",
					"@executable_path/Frameworks",
				);
				PRODUCT_BUNDLE_IDENTIFIER = com.judongseok.nocona;
				PRODUCT_NAME = "$(TARGET_NAME)";
				SWIFT_VERSION = 5.0;
				TARGETED_DEVICE_FAMILY = "1,2";
			};
			name = Debug;
		};
		B7630799265913DA003D2E2F /* Release */ = {
			isa = XCBuildConfiguration;
			buildSettings = {
				ASSETCATALOG_COMPILER_APPICON_NAME = AppIcon;
				ASSETCATALOG_COMPILER_GLOBAL_ACCENT_COLOR_NAME = AccentColor;
				CODE_SIGN_STYLE = Automatic;
				DEVELOPMENT_ASSET_PATHS = "\"nocona/Preview Content\"";
				DEVELOPMENT_TEAM = X843D4L2C2;
				ENABLE_PREVIEWS = YES;
				INFOPLIST_FILE = nocona/Info.plist;
				IPHONEOS_DEPLOYMENT_TARGET = 14.0;
				LD_RUNPATH_SEARCH_PATHS = (
					"$(inherited)",
					"@executable_path/Frameworks",
				);
				PRODUCT_BUNDLE_IDENTIFIER = com.judongseok.nocona;
				PRODUCT_NAME = "$(TARGET_NAME)";
				SWIFT_VERSION = 5.0;
				TARGETED_DEVICE_FAMILY = "1,2";
			};
			name = Release;
		};
/* End XCBuildConfiguration section */

/* Begin XCConfigurationList section */
		B7630783265913DA003D2E2F /* Build configuration list for PBXProject "nocona" */ = {
			isa = XCConfigurationList;
			buildConfigurations = (
				B7630795265913DA003D2E2F /* Debug */,
				B7630796265913DA003D2E2F /* Release */,
			);
			defaultConfigurationIsVisible = 0;
			defaultConfigurationName = Release;
		};
		B7630797265913DA003D2E2F /* Build configuration list for PBXNativeTarget "nocona" */ = {
			isa = XCConfigurationList;
			buildConfigurations = (
				B7630798265913DA003D2E2F /* Debug */,
				B7630799265913DA003D2E2F /* Release */,
			);
			defaultConfigurationIsVisible = 0;
			defaultConfigurationName = Release;
		};
/* End XCConfigurationList section */
	};
	rootObject = B7630780265913DA003D2E2F /* Project object */;
}
